
Microsoft Visual Studio Solution File, Format Version 12.00
# Visual Studio 15
VisualStudioVersion = 15.0.26403.7
MinimumVisualStudioVersion = 10.0.40219.1
Project("{FAE04EC0-301F-11D3-BF4B-00C04F79EFBC}") = "Opg01HelloWorld1", "Opg01HelloWorld1\Opg01HelloWorld1.csproj", "{9F065354-5917-4D3F-B632-089AD79F9A33}"
EndProject
Project("{FAE04EC0-301F-11D3-BF4B-00C04F79EFBC}") = "Opg02Variabler", "Opg02Variabler\Opg02Variabler.csproj", "{52336224-FB80-4CC7-A870-3C00829E666D}"
EndProject
Project("{FAE04EC0-301F-11D3-BF4B-00C04F79EFBC}") = "opg03Array", "opg03Array\opg03Array.csproj", "{78E8DC08-A564-4992-A47B-E0E4EDB4BEA1}"
EndProject
Project("{FAE04EC0-301F-11D3-BF4B-00C04F79EFBC}") = "Opg04String", "Opg04String\Opg04String.csproj", "{997AAFCB-2B44-42AD-97CF-DD5D18B54391}"
EndProject
Global
	GlobalSection(SolutionConfigurationPlatforms) = preSolution
		Debug|Any CPU = Debug|Any CPU
		Release|Any CPU = Release|Any CPU
	EndGlobalSection
	GlobalSection(ProjectConfigurationPlatforms) = postSolution
		{9F065354-5917-4D3F-B632-089AD79F9A33}.Debug|Any CPU.ActiveCfg = Debug|Any CPU
		{9F065354-5917-4D3F-B632-089AD79F9A33}.Debug|Any CPU.Build.0 = Debug|Any CPU
		{9F065354-5917-4D3F-B632-089AD79F9A33}.Release|Any CPU.ActiveCfg = Release|Any CPU
		{9F065354-5917-4D3F-B632-089AD79F9A33}.Release|Any CPU.Build.0 = Release|Any CPU
		{52336224-FB80-4CC7-A870-3C00829E666D}.Debug|Any CPU.ActiveCfg = Debug|Any CPU
		{52336224-FB80-4CC7-A870-3C00829E666D}.Debug|Any CPU.Build.0 = Debug|Any CPU
		{52336224-FB80-4CC7-A870-3C00829E666D}.Release|Any CPU.ActiveCfg = Release|Any CPU
		{52336224-FB80-4CC7-A870-3C00829E666D}.Release|Any CPU.Build.0 = Release|Any CPU
		{78E8DC08-A564-4992-A47B-E0E4EDB4BEA1}.Debug|Any CPU.ActiveCfg = Debug|Any CPU
		{78E8DC08-A564-4992-A47B-E0E4EDB4BEA1}.Debug|Any CPU.Build.0 = Debug|Any CPU
		{78E8DC08-A564-4992-A47B-E0E4EDB4BEA1}.Release|Any CPU.ActiveCfg = Release|Any CPU
		{78E8DC08-A564-4992-A47B-E0E4EDB4BEA1}.Release|Any CPU.Build.0 = Release|Any CPU
		{997AAFCB-2B44-42AD-97CF-DD5D18B54391}.Debug|Any CPU.ActiveCfg = Debug|Any CPU
		{997AAFCB-2B44-42AD-97CF-DD5D18B54391}.Debug|Any CPU.Build.0 = Debug|Any CPU
		{997AAFCB-2B44-42AD-97CF-DD5D18B54391}.Release|Any CPU.ActiveCfg = Release|Any CPU
		{997AAFCB-2B44-42AD-97CF-DD5D18B54391}.Release|Any CPU.Build.0 = Release|Any CPU
	EndGlobalSection
	GlobalSection(SolutionProperties) = preSolution
		HideSolutionNode = FALSE
	EndGlobalSection
EndGlobal
